
Microsoft Visual Studio Solution File, Format Version 12.00
# Visual Studio Version 17
VisualStudioVersion = 17.9.34902.65
MinimumVisualStudioVersion = 10.0.40219.1
Project("{9A19103F-16F7-4668-BE54-9A1E7A4F7556}") = "home_assignment", "home_assignment\home_assignment.csproj", "{D2F1AF9E-28BF-4404-BD29-49D8D69A06B9}"
EndProject
Project("{9A19103F-16F7-4668-BE54-9A1E7A4F7556}") = "Services", "Service\Services.csproj", "{71FDA482-6DED-4448-AC65-BB86E4470AE5}"
	ProjectSection(ProjectDependencies) = postProject
		{4FB18773-5DB1-47E7-9689-2530FA2C2DF1} = {4FB18773-5DB1-47E7-9689-2530FA2C2DF1}
	EndProjectSection
EndProject
Project("{9A19103F-16F7-4668-BE54-9A1E7A4F7556}") = "Repositories", "Repository\Repositories.csproj", "{4FB18773-5DB1-47E7-9689-2530FA2C2DF1}"
	ProjectSection(ProjectDependencies) = postProject
		{DFFCDBCA-C785-4115-BADD-CEB98CE3607E} = {DFFCDBCA-C785-4115-BADD-CEB98CE3607E}
	EndProjectSection
EndProject
Project("{9A19103F-16F7-4668-BE54-9A1E7A4F7556}") = "Models", "Models\Models.csproj", "{569A768C-4DC0-49A6-9D56-27FC07D87E40}"
EndProject
Project("{9A19103F-16F7-4668-BE54-9A1E7A4F7556}") = "Data", "Data\Data.csproj", "{F07D5233-0FE8-4BD9-9190-D41313293318}"
EndProject
Project("{9A19103F-16F7-4668-BE54-9A1E7A4F7556}") = "Common", "Common\Common.csproj", "{DFFCDBCA-C785-4115-BADD-CEB98CE3607E}"
EndProject
Project("{FAE04EC0-301F-11D3-BF4B-00C04F79EFBC}") = "Logging", "Logging\Logging.csproj", "{F9BC5894-71CF-41B0-8F0B-D1F037AB584B}"
EndProject
Global
	GlobalSection(SolutionConfigurationPlatforms) = preSolution
		Debug|Any CPU = Debug|Any CPU
		Release|Any CPU = Release|Any CPU
	EndGlobalSection
	GlobalSection(ProjectConfigurationPlatforms) = postSolution
		{D2F1AF9E-28BF-4404-BD29-49D8D69A06B9}.Debug|Any CPU.ActiveCfg = Debug|Any CPU
		{D2F1AF9E-28BF-4404-BD29-49D8D69A06B9}.Debug|Any CPU.Build.0 = Debug|Any CPU
		{D2F1AF9E-28BF-4404-BD29-49D8D69A06B9}.Release|Any CPU.ActiveCfg = Release|Any CPU
		{D2F1AF9E-28BF-4404-BD29-49D8D69A06B9}.Release|Any CPU.Build.0 = Release|Any CPU
		{71FDA482-6DED-4448-AC65-BB86E4470AE5}.Debug|Any CPU.ActiveCfg = Debug|Any CPU
		{71FDA482-6DED-4448-AC65-BB86E4470AE5}.Debug|Any CPU.Build.0 = Debug|Any CPU
		{71FDA482-6DED-4448-AC65-BB86E4470AE5}.Release|Any CPU.ActiveCfg = Release|Any CPU
		{71FDA482-6DED-4448-AC65-BB86E4470AE5}.Release|Any CPU.Build.0 = Release|Any CPU
		{4FB18773-5DB1-47E7-9689-2530FA2C2DF1}.Debug|Any CPU.ActiveCfg = Debug|Any CPU
		{4FB18773-5DB1-47E7-9689-2530FA2C2DF1}.Debug|Any CPU.Build.0 = Debug|Any CPU
		{4FB18773-5DB1-47E7-9689-2530FA2C2DF1}.Release|Any CPU.ActiveCfg = Release|Any CPU
		{4FB18773-5DB1-47E7-9689-2530FA2C2DF1}.Release|Any CPU.Build.0 = Release|Any CPU
		{569A768C-4DC0-49A6-9D56-27FC07D87E40}.Debug|Any CPU.ActiveCfg = Debug|Any CPU
		{569A768C-4DC0-49A6-9D56-27FC07D87E40}.Debug|Any CPU.Build.0 = Debug|Any CPU
		{569A768C-4DC0-49A6-9D56-27FC07D87E40}.Release|Any CPU.ActiveCfg = Release|Any CPU
		{569A768C-4DC0-49A6-9D56-27FC07D87E40}.Release|Any CPU.Build.0 = Release|Any CPU
		{F07D5233-0FE8-4BD9-9190-D41313293318}.Debug|Any CPU.ActiveCfg = Debug|Any CPU
		{F07D5233-0FE8-4BD9-9190-D41313293318}.Debug|Any CPU.Build.0 = Debug|Any CPU
		{F07D5233-0FE8-4BD9-9190-D41313293318}.Release|Any CPU.ActiveCfg = Release|Any CPU
		{F07D5233-0FE8-4BD9-9190-D41313293318}.Release|Any CPU.Build.0 = Release|Any CPU
		{DFFCDBCA-C785-4115-BADD-CEB98CE3607E}.Debug|Any CPU.ActiveCfg = Debug|Any CPU
		{DFFCDBCA-C785-4115-BADD-CEB98CE3607E}.Debug|Any CPU.Build.0 = Debug|Any CPU
		{DFFCDBCA-C785-4115-BADD-CEB98CE3607E}.Release|Any CPU.ActiveCfg = Release|Any CPU
		{DFFCDBCA-C785-4115-BADD-CEB98CE3607E}.Release|Any CPU.Build.0 = Release|Any CPU
		{F9BC5894-71CF-41B0-8F0B-D1F037AB584B}.Debug|Any CPU.ActiveCfg = Debug|Any CPU
		{F9BC5894-71CF-41B0-8F0B-D1F037AB584B}.Debug|Any CPU.Build.0 = Debug|Any CPU
		{F9BC5894-71CF-41B0-8F0B-D1F037AB584B}.Release|Any CPU.ActiveCfg = Release|Any CPU
		{F9BC5894-71CF-41B0-8F0B-D1F037AB584B}.Release|Any CPU.Build.0 = Release|Any CPU
	EndGlobalSection
	GlobalSection(SolutionProperties) = preSolution
		HideSolutionNode = FALSE
	EndGlobalSection
	GlobalSection(ExtensibilityGlobals) = postSolution
		SolutionGuid = {A806606A-367A-4817-B4F2-25E0C251ABB8}
	EndGlobalSection
EndGlobal
